
Microsoft Visual Studio Solution File, Format Version 12.00
# Visual Studio Version 17
VisualStudioVersion = 17.7.34024.191
MinimumVisualStudioVersion = 10.0.40219.1
Project("{FAE04EC0-301F-11D3-BF4B-00C04F79EFBC}") = "ConsoleApp2", "ConsoleApp2\ConsoleApp2.csproj", "{AE95CBE9-8E82-4D12-88B9-D4397E6F92F6}"
EndProject
Global
	GlobalSection(SolutionConfigurationPlatforms) = preSolution
		Debug|Any CPU = Debug|Any CPU
		Release|Any CPU = Release|Any CPU
	EndGlobalSection
	GlobalSection(ProjectConfigurationPlatforms) = postSolution
		{AE95CBE9-8E82-4D12-88B9-D4397E6F92F6}.Debug|Any CPU.ActiveCfg = Debug|Any CPU
		{AE95CBE9-8E82-4D12-88B9-D4397E6F92F6}.Debug|Any CPU.Build.0 = Debug|Any CPU
		{AE95CBE9-8E82-4D12-88B9-D4397E6F92F6}.Release|Any CPU.ActiveCfg = Release|Any CPU
		{AE95CBE9-8E82-4D12-88B9-D4397E6F92F6}.Release|Any CPU.Build.0 = Release|Any CPU
	EndGlobalSection
	GlobalSection(SolutionProperties) = preSolution
		HideSolutionNode = FALSE
	EndGlobalSection
	GlobalSection(ExtensibilityGlobals) = postSolution
		SolutionGuid = {CE1A792E-34E0-4E58-9F80-2CEB7825DD7A}
	EndGlobalSection
EndGlobal
